
Microsoft Visual Studio Solution File, Format Version 12.00
Project("{FAE04EC0-301F-11D3-BF4B-00C04F79EFBC}") = "WebApp", "WebApp\WebApp.csproj", "{A1EF9767-B86B-4FA6-AB82-C36C5E2EC56A}"
EndProject
Project("{FAE04EC0-301F-11D3-BF4B-00C04F79EFBC}") = "Domain", "Domain\Domain.csproj", "{72AFF53D-E1B9-48C7-81A3-BE58EFCCE322}"
EndProject
Project("{FAE04EC0-301F-11D3-BF4B-00C04F79EFBC}") = "DAL.App.EF", "DAL.App.EF\DAL.App.EF.csproj", "{C64F5C16-3459-45D8-AF60-DABAA44D9AA8}"
EndProject
Project("{FAE04EC0-301F-11D3-BF4B-00C04F79EFBC}") = "Contracts.DAL.Base", "Contracts.DAL.Base\Contracts.DAL.Base.csproj", "{D4512366-E8F6-426F-971C-4D6B5617C66C}"
EndProject
Project("{FAE04EC0-301F-11D3-BF4B-00C04F79EFBC}") = "Contracts.DAL.App", "Contracts.DAL.App\Contracts.DAL.App.csproj", "{CAD7FB8C-90EE-4818-BC3F-85EA42F4EAE6}"
EndProject
Project("{FAE04EC0-301F-11D3-BF4B-00C04F79EFBC}") = "DAL.Base.EF", "DAL.Base.EF\DAL.Base.EF.csproj", "{5C3A3C3E-8030-4BBF-BE43-CECB4BEEA3E3}"
EndProject
Project("{FAE04EC0-301F-11D3-BF4B-00C04F79EFBC}") = "Identity", "Identity\Identity.csproj", "{710D453B-EB11-4878-8B43-F2A1FFF7158F}"
EndProject
Project("{FAE04EC0-301F-11D3-BF4B-00C04F79EFBC}") = "BLL.App", "BLL.App\BLL.App.csproj", "{7A211EAB-E06E-4A47-80E9-A5C8A9E9A53D}"
EndProject
Project("{FAE04EC0-301F-11D3-BF4B-00C04F79EFBC}") = "BLL.App.DTO", "BLL.App.DTO\BLL.App.DTO.csproj", "{0FE32ADE-1D26-4B8F-BDB5-C82171EB586A}"
EndProject
Project("{FAE04EC0-301F-11D3-BF4B-00C04F79EFBC}") = "BLL.Base", "BLL.Base\BLL.Base.csproj", "{C0272E8D-C668-43BA-A7DF-BB0FDFE17FCA}"
EndProject
Project("{FAE04EC0-301F-11D3-BF4B-00C04F79EFBC}") = "Contracts.BLL.App", "Contracts.BLL.App\Contracts.BLL.App.csproj", "{4657E6D2-AA05-4FC7-B502-63D51F127195}"
EndProject
Project("{FAE04EC0-301F-11D3-BF4B-00C04F79EFBC}") = "Contracts.BLL.Base", "Contracts.BLL.Base\Contracts.BLL.Base.csproj", "{8E44AD19-A6C2-4642-8655-D485B034D61E}"
EndProject
Project("{FAE04EC0-301F-11D3-BF4B-00C04F79EFBC}") = "Contracts.Base", "Contracts.Base\Contracts.Base.csproj", "{B12A3F74-DCEB-4E20-A7AF-F34024755EE8}"
EndProject
Project("{FAE04EC0-301F-11D3-BF4B-00C04F79EFBC}") = "DAL.App.DTO", "DAL.App.DTO\DAL.App.DTO.csproj", "{48C33D25-9368-42E2-B08A-6E9AA8EFF64E}"
EndProject
Global
	GlobalSection(SolutionConfigurationPlatforms) = preSolution
		Debug|Any CPU = Debug|Any CPU
		Release|Any CPU = Release|Any CPU
	EndGlobalSection
	GlobalSection(ProjectConfigurationPlatforms) = postSolution
		{A1EF9767-B86B-4FA6-AB82-C36C5E2EC56A}.Debug|Any CPU.ActiveCfg = Debug|Any CPU
		{A1EF9767-B86B-4FA6-AB82-C36C5E2EC56A}.Debug|Any CPU.Build.0 = Debug|Any CPU
		{A1EF9767-B86B-4FA6-AB82-C36C5E2EC56A}.Release|Any CPU.ActiveCfg = Release|Any CPU
		{A1EF9767-B86B-4FA6-AB82-C36C5E2EC56A}.Release|Any CPU.Build.0 = Release|Any CPU
		{72AFF53D-E1B9-48C7-81A3-BE58EFCCE322}.Debug|Any CPU.ActiveCfg = Debug|Any CPU
		{72AFF53D-E1B9-48C7-81A3-BE58EFCCE322}.Debug|Any CPU.Build.0 = Debug|Any CPU
		{72AFF53D-E1B9-48C7-81A3-BE58EFCCE322}.Release|Any CPU.ActiveCfg = Release|Any CPU
		{72AFF53D-E1B9-48C7-81A3-BE58EFCCE322}.Release|Any CPU.Build.0 = Release|Any CPU
		{C64F5C16-3459-45D8-AF60-DABAA44D9AA8}.Debug|Any CPU.ActiveCfg = Debug|Any CPU
		{C64F5C16-3459-45D8-AF60-DABAA44D9AA8}.Debug|Any CPU.Build.0 = Debug|Any CPU
		{C64F5C16-3459-45D8-AF60-DABAA44D9AA8}.Release|Any CPU.ActiveCfg = Release|Any CPU
		{C64F5C16-3459-45D8-AF60-DABAA44D9AA8}.Release|Any CPU.Build.0 = Release|Any CPU
		{D4512366-E8F6-426F-971C-4D6B5617C66C}.Debug|Any CPU.ActiveCfg = Debug|Any CPU
		{D4512366-E8F6-426F-971C-4D6B5617C66C}.Debug|Any CPU.Build.0 = Debug|Any CPU
		{D4512366-E8F6-426F-971C-4D6B5617C66C}.Release|Any CPU.ActiveCfg = Release|Any CPU
		{D4512366-E8F6-426F-971C-4D6B5617C66C}.Release|Any CPU.Build.0 = Release|Any CPU
		{CAD7FB8C-90EE-4818-BC3F-85EA42F4EAE6}.Debug|Any CPU.ActiveCfg = Debug|Any CPU
		{CAD7FB8C-90EE-4818-BC3F-85EA42F4EAE6}.Debug|Any CPU.Build.0 = Debug|Any CPU
		{CAD7FB8C-90EE-4818-BC3F-85EA42F4EAE6}.Release|Any CPU.ActiveCfg = Release|Any CPU
		{CAD7FB8C-90EE-4818-BC3F-85EA42F4EAE6}.Release|Any CPU.Build.0 = Release|Any CPU
		{5C3A3C3E-8030-4BBF-BE43-CECB4BEEA3E3}.Debug|Any CPU.ActiveCfg = Debug|Any CPU
		{5C3A3C3E-8030-4BBF-BE43-CECB4BEEA3E3}.Debug|Any CPU.Build.0 = Debug|Any CPU
		{5C3A3C3E-8030-4BBF-BE43-CECB4BEEA3E3}.Release|Any CPU.ActiveCfg = Release|Any CPU
		{5C3A3C3E-8030-4BBF-BE43-CECB4BEEA3E3}.Release|Any CPU.Build.0 = Release|Any CPU
		{710D453B-EB11-4878-8B43-F2A1FFF7158F}.Debug|Any CPU.ActiveCfg = Debug|Any CPU
		{710D453B-EB11-4878-8B43-F2A1FFF7158F}.Debug|Any CPU.Build.0 = Debug|Any CPU
		{710D453B-EB11-4878-8B43-F2A1FFF7158F}.Release|Any CPU.ActiveCfg = Release|Any CPU
		{710D453B-EB11-4878-8B43-F2A1FFF7158F}.Release|Any CPU.Build.0 = Release|Any CPU
		{7A211EAB-E06E-4A47-80E9-A5C8A9E9A53D}.Debug|Any CPU.ActiveCfg = Debug|Any CPU
		{7A211EAB-E06E-4A47-80E9-A5C8A9E9A53D}.Debug|Any CPU.Build.0 = Debug|Any CPU
		{7A211EAB-E06E-4A47-80E9-A5C8A9E9A53D}.Release|Any CPU.ActiveCfg = Release|Any CPU
		{7A211EAB-E06E-4A47-80E9-A5C8A9E9A53D}.Release|Any CPU.Build.0 = Release|Any CPU
		{0FE32ADE-1D26-4B8F-BDB5-C82171EB586A}.Debug|Any CPU.ActiveCfg = Debug|Any CPU
		{0FE32ADE-1D26-4B8F-BDB5-C82171EB586A}.Debug|Any CPU.Build.0 = Debug|Any CPU
		{0FE32ADE-1D26-4B8F-BDB5-C82171EB586A}.Release|Any CPU.ActiveCfg = Release|Any CPU
		{0FE32ADE-1D26-4B8F-BDB5-C82171EB586A}.Release|Any CPU.Build.0 = Release|Any CPU
		{C0272E8D-C668-43BA-A7DF-BB0FDFE17FCA}.Debug|Any CPU.ActiveCfg = Debug|Any CPU
		{C0272E8D-C668-43BA-A7DF-BB0FDFE17FCA}.Debug|Any CPU.Build.0 = Debug|Any CPU
		{C0272E8D-C668-43BA-A7DF-BB0FDFE17FCA}.Release|Any CPU.ActiveCfg = Release|Any CPU
		{C0272E8D-C668-43BA-A7DF-BB0FDFE17FCA}.Release|Any CPU.Build.0 = Release|Any CPU
		{4657E6D2-AA05-4FC7-B502-63D51F127195}.Debug|Any CPU.ActiveCfg = Debug|Any CPU
		{4657E6D2-AA05-4FC7-B502-63D51F127195}.Debug|Any CPU.Build.0 = Debug|Any CPU
		{4657E6D2-AA05-4FC7-B502-63D51F127195}.Release|Any CPU.ActiveCfg = Release|Any CPU
		{4657E6D2-AA05-4FC7-B502-63D51F127195}.Release|Any CPU.Build.0 = Release|Any CPU
		{8E44AD19-A6C2-4642-8655-D485B034D61E}.Debug|Any CPU.ActiveCfg = Debug|Any CPU
		{8E44AD19-A6C2-4642-8655-D485B034D61E}.Debug|Any CPU.Build.0 = Debug|Any CPU
		{8E44AD19-A6C2-4642-8655-D485B034D61E}.Release|Any CPU.ActiveCfg = Release|Any CPU
		{8E44AD19-A6C2-4642-8655-D485B034D61E}.Release|Any CPU.Build.0 = Release|Any CPU
		{B12A3F74-DCEB-4E20-A7AF-F34024755EE8}.Debug|Any CPU.ActiveCfg = Debug|Any CPU
		{B12A3F74-DCEB-4E20-A7AF-F34024755EE8}.Debug|Any CPU.Build.0 = Debug|Any CPU
		{B12A3F74-DCEB-4E20-A7AF-F34024755EE8}.Release|Any CPU.ActiveCfg = Release|Any CPU
		{B12A3F74-DCEB-4E20-A7AF-F34024755EE8}.Release|Any CPU.Build.0 = Release|Any CPU
		{48C33D25-9368-42E2-B08A-6E9AA8EFF64E}.Debug|Any CPU.ActiveCfg = Debug|Any CPU
		{48C33D25-9368-42E2-B08A-6E9AA8EFF64E}.Debug|Any CPU.Build.0 = Debug|Any CPU
		{48C33D25-9368-42E2-B08A-6E9AA8EFF64E}.Release|Any CPU.ActiveCfg = Release|Any CPU
		{48C33D25-9368-42E2-B08A-6E9AA8EFF64E}.Release|Any CPU.Build.0 = Release|Any CPU
	EndGlobalSection
EndGlobal
